# THIS IS AN AUTOGENERATED FILE. DO NOT EDIT THIS FILE DIRECTLY.
# yarn lockfile v1


"@types/ramda@0.26.34":
  version "0.26.34"
  resolved "https://registry.yarnpkg.com/@types/ramda/-/ramda-0.26.34.tgz#e65df964a077e9eb97c412483446681a23e56def"
  integrity sha512-5x+oE6PzERYl4IPqjj8DwvlLAz2DiQGv0KMuWM3a1byqQ8k8ebmGWw5TAtpVtDwdQEhs1KVdCtOaLy0iwuqwdQ==
  dependencies:
    ts-toolbelt "^4.10.7"

core-js@3.4.1:
  version "3.4.1"
  resolved "https://registry.yarnpkg.com/core-js/-/core-js-3.4.1.tgz#76dd6828412900ab27c8ce0b22e6114d7ce21b18"
  integrity sha512-KX/dnuY/J8FtEwbnrzmAjUYgLqtk+cxM86hfG60LGiW3MmltIc2yAmDgBgEkfm0blZhUrdr1Zd84J2Y14mLxzg==

ramda@0.26.1:
  version "0.26.1"
  resolved "https://registry.yarnpkg.com/ramda/-/ramda-0.26.1.tgz#8d41351eb8111c55353617fc3bbffad8e4d35d06"
  integrity sha512-hLWjpy7EnsDBb0p+Z3B7rPi3GDeRG5ZtiI33kJhTt+ORCd38AbAIjB/9zRIUoeTbE/AVX5ZkU7m6bznsvrf8eQ==

regenerator-runtime@0.13.3:
  version "0.13.3"
  resolved "https://registry.yarnpkg.com/regenerator-runtime/-/regenerator-runtime-0.13.3.tgz#7cf6a77d8f5c6f60eb73c5fc1955b2ceb01e6bf5"
  integrity sha512-naKIZz2GQ8JWh///G7L3X6LaQUAMp2lvb1rvwwsURe/VXwD6VMfr+/1NuNw3ag8v2kY1aQ/go5SNn79O9JU7yw==

rxjs@6.5.3:
  version "6.5.3"
  resolved "https://registry.yarnpkg.com/rxjs/-/rxjs-6.5.3.tgz#510e26317f4db91a7eb1de77d9dd9ba0a4899a3a"
  integrity sha512-wuYsAYYFdWTAnAaPoKGNhfpWwKZbJW+HgAJ+mImp+Epl7BG8oNWBCTyRM8gba9k4lk8BgWdoYm21Mo/RYhhbgA==
  dependencies:
    tslib "^1.9.0"

ts-toolbelt@^4.10.7:
  version "4.10.12"
  resolved "https://registry.yarnpkg.com/ts-toolbelt/-/ts-toolbelt-4.10.12.tgz#fcbe041413c5993adf6a199e2062ee8a07ec9b5b"
  integrity sha512-xbKaAFXn8Oq217uMn+TVvoEi/M8/APL4zpgDkBarZ0wVHqOm8TVsfh4/493uGeUUTZNwOn1l/JCEhZxdhHvvYA==

tslib@1.10.0, tslib@^1.9.0:
  version "1.10.0"
  resolved "https://registry.yarnpkg.com/tslib/-/tslib-1.10.0.tgz#c3c19f95973fb0a62973fb09d90d961ee43e5c8a"
  integrity sha512-qOebF53frne81cf0S9B41ByenJ3/IuH8yJKngAX35CmiZySA0khhkovshKK+jGCaMnVomla7gVlIcc3EvKPbTQ==
