# THIS IS AN AUTOGENERATED FILE. DO NOT EDIT THIS FILE DIRECTLY.
# yarn lockfile v1


"@types/ramda@0.26.42":
  version "0.26.42"
  resolved "https://registry.yarnpkg.com/@types/ramda/-/ramda-0.26.42.tgz#f002dc8c075a50cf9c267251a2042a0bf7303277"
  integrity sha512-HjMKhIWHR6SPfAR24ghGkzoG/8aBRr1Pb7c2gskneuwgtDJBhO3KJ0tM0sLOX7gjf4LmQ3NLp6wTkDfjKEqimA==
  dependencies:
    ts-toolbelt "^6.1.11"

ramda@0.27.0:
  version "0.27.0"
  resolved "https://registry.yarnpkg.com/ramda/-/ramda-0.27.0.tgz#915dc29865c0800bf3f69b8fd6c279898b59de43"
  integrity sha512-pVzZdDpWwWqEVVLshWUHjNwuVP7SfcmPraYuqocJp1yo2U1R7P+5QAfDhdItkuoGqIBnBYrtPp7rEPqDn9HlZA==

rxjs@6.5.4:
  version "6.5.4"
  resolved "https://registry.yarnpkg.com/rxjs/-/rxjs-6.5.4.tgz#e0777fe0d184cec7872df147f303572d414e211c"
  integrity sha512-naMQXcgEo3csAEGvw/NydRA0fuS2nDZJiw1YUWFKU7aPPAPGZEsD4Iimit96qwCieH6y614MCLYwdkrWx7z/7Q==
  dependencies:
    tslib "^1.9.0"

ts-toolbelt@^6.1.11:
  version "6.3.5"
  resolved "https://registry.yarnpkg.com/ts-toolbelt/-/ts-toolbelt-6.3.5.tgz#5cb4e0454ab954faa9b6e4d5bce366fdb262e364"
  integrity sha512-Xvh/gvBBCRU1qGeholaN8kgiwBH4neyun6VIDDsJf/jNwz4PXyR8ZY/5qdpB1DuMBrWMG2oTT1oWcOzGPOnluQ==

tslib@1.11.0:
  version "1.11.0"
  resolved "https://registry.yarnpkg.com/tslib/-/tslib-1.11.0.tgz#f1f3528301621a53220d58373ae510ff747a66bc"
  integrity sha512-BmndXUtiTn/VDDrJzQE7Mm22Ix3PxgLltW9bSNLoeCY31gnG2OPx0QqJnuc9oMIKioYrz487i6K9o4Pdn0j+Kg==

tslib@^1.9.0:
  version "1.10.0"
  resolved "https://registry.yarnpkg.com/tslib/-/tslib-1.10.0.tgz#c3c19f95973fb0a62973fb09d90d961ee43e5c8a"
  integrity sha512-qOebF53frne81cf0S9B41ByenJ3/IuH8yJKngAX35CmiZySA0khhkovshKK+jGCaMnVomla7gVlIcc3EvKPbTQ==
