# THIS IS AN AUTOGENERATED FILE. DO NOT EDIT THIS FILE DIRECTLY.
# yarn lockfile v1


"@babel/code-frame@^7.0.0":
  version "7.10.4"
  resolved "https://registry.yarnpkg.com/@babel/code-frame/-/code-frame-7.10.4.tgz#168da1a36e90da68ae8d49c0f1b48c7c6249213a"
  integrity sha512-vG6SvB6oYEhvgisZNFRmRCUkLz11c7rp+tbNTynGqc6mS1d5ATd/sGyV6W0KZZnXRKMTzZDRgQT3Ou9jhpAfUg==
  dependencies:
    "@babel/highlight" "^7.10.4"

"@babel/helper-validator-identifier@^7.10.4":
  version "7.10.4"
  resolved "https://registry.yarnpkg.com/@babel/helper-validator-identifier/-/helper-validator-identifier-7.10.4.tgz#a78c7a7251e01f616512d31b10adcf52ada5e0d2"
  integrity sha512-3U9y+43hz7ZM+rzG24Qe2mufW5KhvFg/NhnNph+i9mgCtdTCtMJuI1TMkrIUiK7Ix4PYlRF9I5dhqaLYA/ADXw==

"@babel/highlight@^7.10.4":
  version "7.10.4"
  resolved "https://registry.yarnpkg.com/@babel/highlight/-/highlight-7.10.4.tgz#7d1bdfd65753538fabe6c38596cdb76d9ac60143"
  integrity sha512-i6rgnR/YgPEQzZZnbTHHuZdlE8qyoBNalD6F+q4vAFlcMEcqmkoG+mPqJYJCo63qPf74+Y1UZsl3l6f7/RIkmA==
  dependencies:
    "@babel/helper-validator-identifier" "^7.10.4"
    chalk "^2.0.0"
    js-tokens "^4.0.0"

"@platform/exec@0.2.45":
  version "0.2.45"
  resolved "https://registry.yarnpkg.com/@platform/exec/-/exec-0.2.45.tgz#ced01da2d3da8bdeb0acadad6fe8e2697bb630fc"
  integrity sha512-Z5Ctv2Qs5D8H7w1A7Jrt9rdq5egNiVyt3ImX6sAGD8UfvyyiNEOo0E32HsC13f6yseDTwDJn/amgq6ahuod2Ag==
  dependencies:
    "@platform/libs" "0.2.0"
    "@types/listr" "0.14.2"
    ansi-regex "5.0.0"
    chalk "3.0.0"
    listr "0.14.3"

"@platform/fs@0.5.5":
  version "0.5.5"
  resolved "https://registry.yarnpkg.com/@platform/fs/-/fs-0.5.5.tgz#2755ae88400313731caf7fdd5cd4fc15536e53f3"
  integrity sha512-xRD3QCwgRHWAKtPsvJRNa8say0m2ShlzQ6W1wC+0v5kgfDtK0Dxp3XWAmxkAiR/JZkGEk63fkw3VzqdPVPNtTQ==
  dependencies:
    "@types/fs-extra" "8.0.1"
    "@types/js-yaml" "3.12.2"
    archiver "3.1.1"
    dotenv "8.2.0"
    extract-zip "1.6.7"
    filesize "6.0.1"
    fs-extra "8.1.0"
    glob "7.1.6"
    js-yaml "3.13.1"
    minimatch "3.0.4"

"@platform/libs@0.2.0":
  version "0.2.0"
  resolved "https://registry.yarnpkg.com/@platform/libs/-/libs-0.2.0.tgz#d33556916e0b972de4e89e5443f02193af47d46f"
  integrity sha512-+vyyXFfvSLmiNSvwDI7TpyWXrFWgxtPs8IMjbcxImM+SEc0NlHhfuc4STKOi9r8OhuoChIOUP2KmlbNX7nePeQ==
  dependencies:
    "@types/ramda" "0.26.39"
    ramda "0.26.1"
    rxjs "6.5.4"
    tslib "1.10.0"

"@platform/ts.libs@3.7.3":
  version "3.7.3"
  resolved "https://registry.yarnpkg.com/@platform/ts.libs/-/ts.libs-3.7.3.tgz#9bf160f8173a803a2aed829cae99a324438d880e"
  integrity sha512-I5mBleJses8JuzGu4TvqcTvvVmsKM9K8SNl0kixTYcPysrXWSiCB2H23gQgYCvez5sa9r0Xf4eeNsoBaU4vH0A==
  dependencies:
    "@types/node" "13.1.6"
    prettier "1.19.1"
    ts-node "8.6.1"
    tslib "1.10.0"
    tslint "5.20.1"
    tslint-config-prettier "1.18.0"
    tslint-react "4.1.0"
    typescript "3.7.4"

"@platform/ts@3.7.12":
  version "3.7.12"
  resolved "https://registry.yarnpkg.com/@platform/ts/-/ts-3.7.12.tgz#36c25ae9dbfe849006924609b096f4acd435a85b"
  integrity sha512-hxszRreQ3FBpbjmBHXoro9UzvKS3tz0nr9qBma+zZ7k0t9PacpTlGiZ2+SkrwPLsAwI1PkOFEt+csJXwLmuCog==
  dependencies:
    "@platform/exec" "0.2.45"
    "@platform/fs" "0.5.5"
    "@platform/libs" "0.2.0"
    "@platform/ts.libs" "3.7.3"

"@samverschueren/stream-to-observable@^0.3.0":
  version "0.3.1"
  resolved "https://registry.yarnpkg.com/@samverschueren/stream-to-observable/-/stream-to-observable-0.3.1.tgz#a21117b19ee9be70c379ec1877537ef2e1c63301"
  integrity sha512-c/qwwcHyafOQuVQJj0IlBjf5yYgBI7YPJ77k4fOJYesb41jio65eaJODRUmfYKhTOFBrIZ66kgvGPlNbjuoRdQ==
  dependencies:
    any-observable "^0.3.0"

"@types/fs-extra@8.0.1":
  version "8.0.1"
  resolved "https://registry.yarnpkg.com/@types/fs-extra/-/fs-extra-8.0.1.tgz#a2378d6e7e8afea1564e44aafa2e207dadf77686"
  integrity sha512-J00cVDALmi/hJOYsunyT52Hva5TnJeKP5yd1r+mH/ZU0mbYZflR0Z5kw5kITtKTRYMhm1JMClOFYdHnQszEvqw==
  dependencies:
    "@types/node" "*"

"@types/js-yaml@3.12.2":
  version "3.12.2"
  resolved "https://registry.yarnpkg.com/@types/js-yaml/-/js-yaml-3.12.2.tgz#a35a1809c33a68200fb6403d1ad708363c56470a"
  integrity sha512-0CFu/g4mDSNkodVwWijdlr8jH7RoplRWNgovjFLEZeT+QEbbZXjBmCe3HwaWheAlCbHwomTwzZoSedeOycABug==

"@types/listr@0.14.2":
  version "0.14.2"
  resolved "https://registry.yarnpkg.com/@types/listr/-/listr-0.14.2.tgz#2e5f80fbc3ca8dceb9940ce9bf8e3113ab452545"
  integrity sha512-wCipMbQr3t2UHTm90LldVp+oTBj1TX6zvpkCJcWS4o8nn6kS8SN93oUvKJAgueIRZ5M36yOlFmScqBxYH8Ajig==
  dependencies:
    "@types/node" "*"
    rxjs "^6.5.1"

"@types/node@*":
  version "14.11.5"
  resolved "https://registry.yarnpkg.com/@types/node/-/node-14.11.5.tgz#fecad41c041cae7f2404ad4b2d0742fdb628b305"
  integrity sha512-jVFzDV6NTbrLMxm4xDSIW/gKnk8rQLF9wAzLWIOg+5nU6ACrIMndeBdXci0FGtqJbP9tQvm6V39eshc96TO2wQ==

"@types/node@13.1.6":
  version "13.1.6"
  resolved "https://registry.yarnpkg.com/@types/node/-/node-13.1.6.tgz#076028d0b0400be8105b89a0a55550c86684ffec"
  integrity sha512-Jg1F+bmxcpENHP23sVKkNuU3uaxPnsBMW0cLjleiikFKomJQbsn0Cqk2yDvQArqzZN6ABfBkZ0To7pQ8sLdWDg==

"@types/ramda@0.26.39":
  version "0.26.39"
  resolved "https://registry.yarnpkg.com/@types/ramda/-/ramda-0.26.39.tgz#bb392cdb4d431cf6884b3ef11bef635c5d20274f"
  integrity sha512-3bu32X02VpjJhsYPUWkdOQGoBXjb/UveZgGg4IYMm+SPAXio96BOYrRhVELfM4AoP00sxoi/f2tqrXdwtR4jjg==
  dependencies:
    ts-toolbelt "^4.12.0"

ansi-escapes@^3.0.0:
  version "3.2.0"
  resolved "https://registry.yarnpkg.com/ansi-escapes/-/ansi-escapes-3.2.0.tgz#8780b98ff9dbf5638152d1f1fe5c1d7b4442976b"
  integrity sha512-cBhpre4ma+U0T1oM5fXg7Dy1Jw7zzwv7lt/GoCpr+hDQJoYnKVPLL4dCvSEFMmQurOQvSrwT7SL/DAlhBI97RQ==

ansi-regex@5.0.0:
  version "5.0.0"
  resolved "https://registry.yarnpkg.com/ansi-regex/-/ansi-regex-5.0.0.tgz#388539f55179bf39339c81af30a654d69f87cb75"
  integrity sha512-bY6fj56OUQ0hU1KjFNDQuJFezqKdrAyFdIevADiqrWHwSlbmBNMHp5ak2f40Pm8JTFyM2mqxkG6ngkHO11f/lg==

ansi-regex@^2.0.0:
  version "2.1.1"
  resolved "https://registry.yarnpkg.com/ansi-regex/-/ansi-regex-2.1.1.tgz#c3b33ab5ee360d86e0e628f0468ae7ef27d654df"
  integrity sha1-w7M6te42DYbg5ijwRorn7yfWVN8=

ansi-regex@^3.0.0:
  version "3.0.0"
  resolved "https://registry.yarnpkg.com/ansi-regex/-/ansi-regex-3.0.0.tgz#ed0317c322064f79466c02966bddb605ab37d998"
  integrity sha1-7QMXwyIGT3lGbAKWa922Bas32Zg=

ansi-styles@^2.2.1:
  version "2.2.1"
  resolved "https://registry.yarnpkg.com/ansi-styles/-/ansi-styles-2.2.1.tgz#b432dd3358b634cf75e1e4664368240533c1ddbe"
  integrity sha1-tDLdM1i2NM914eRmQ2gkBTPB3b4=

ansi-styles@^3.2.1:
  version "3.2.1"
  resolved "https://registry.yarnpkg.com/ansi-styles/-/ansi-styles-3.2.1.tgz#41fbb20243e50b12be0f04b8dedbf07520ce841d"
  integrity sha512-VT0ZI6kZRdTh8YyJw3SMbYm/u+NqfsAxEpWO0Pf9sq8/e94WxxOpPKx9FR1FlyCtOVDNOQ+8ntlqFxiRc+r5qA==
  dependencies:
    color-convert "^1.9.0"

ansi-styles@^4.1.0:
  version "4.3.0"
  resolved "https://registry.yarnpkg.com/ansi-styles/-/ansi-styles-4.3.0.tgz#edd803628ae71c04c85ae7a0906edad34b648937"
  integrity sha512-zbB9rCJAT1rbjiVDb2hqKFHNYLxgtk8NURxZ3IZwD3F6NtxbXZQCnnSi1Lkx+IDohdPlFp222wVALIheZJQSEg==
  dependencies:
    color-convert "^2.0.1"

any-observable@^0.3.0:
  version "0.3.0"
  resolved "https://registry.yarnpkg.com/any-observable/-/any-observable-0.3.0.tgz#af933475e5806a67d0d7df090dd5e8bef65d119b"
  integrity sha512-/FQM1EDkTsf63Ub2C6O7GuYFDsSXUwsaZDurV0np41ocwq0jthUAYCmhBX9f+KwlaCgIuWyr/4WlUQUBfKfZog==

archiver-utils@^2.1.0:
  version "2.1.0"
  resolved "https://registry.yarnpkg.com/archiver-utils/-/archiver-utils-2.1.0.tgz#e8a460e94b693c3e3da182a098ca6285ba9249e2"
  integrity sha512-bEL/yUb/fNNiNTuUz979Z0Yg5L+LzLxGJz8x79lYmR54fmTIb6ob/hNQgkQnIUDWIFjZVQwl9Xs356I6BAMHfw==
  dependencies:
    glob "^7.1.4"
    graceful-fs "^4.2.0"
    lazystream "^1.0.0"
    lodash.defaults "^4.2.0"
    lodash.difference "^4.5.0"
    lodash.flatten "^4.4.0"
    lodash.isplainobject "^4.0.6"
    lodash.union "^4.6.0"
    normalize-path "^3.0.0"
    readable-stream "^2.0.0"

archiver@3.1.1:
  version "3.1.1"
  resolved "https://registry.yarnpkg.com/archiver/-/archiver-3.1.1.tgz#9db7819d4daf60aec10fe86b16cb9258ced66ea0"
  integrity sha512-5Hxxcig7gw5Jod/8Gq0OneVgLYET+oNHcxgWItq4TbhOzRLKNAFUb9edAftiMKXvXfCB0vbGrJdZDNq0dWMsxg==
  dependencies:
    archiver-utils "^2.1.0"
    async "^2.6.3"
    buffer-crc32 "^0.2.1"
    glob "^7.1.4"
    readable-stream "^3.4.0"
    tar-stream "^2.1.0"
    zip-stream "^2.1.2"

arg@^4.1.0:
  version "4.1.3"
  resolved "https://registry.yarnpkg.com/arg/-/arg-4.1.3.tgz#269fc7ad5b8e42cb63c896d5666017261c144089"
  integrity sha512-58S9QDqG0Xx27YwPSt9fJxivjYl432YCwfDMfZ+71RAqUrZef7LrKQZ3LHLOwCS4FLNBplP533Zx895SeOCHvA==

argparse@^1.0.7:
  version "1.0.10"
  resolved "https://registry.yarnpkg.com/argparse/-/argparse-1.0.10.tgz#bcd6791ea5ae09725e17e5ad988134cd40b3d911"
  integrity sha512-o5Roy6tNG4SL/FOkCAN6RzjiakZS25RLYFrcMttJqbdd8BWrnA+fGz57iN5Pb06pvBGvl5gQ0B48dJlslXvoTg==
  dependencies:
    sprintf-js "~1.0.2"

async@^2.6.3:
  version "2.6.4"
  resolved "https://registry.yarnpkg.com/async/-/async-2.6.4.tgz#706b7ff6084664cd7eae713f6f965433b5504221"
  integrity sha512-mzo5dfJYwAn29PeiJ0zvwTo04zj8HDJj0Mn8TD7sno7q12prdbnasKJHhkm2c1LgrhlJ0teaea8860oxi51mGA==
  dependencies:
    lodash "^4.17.14"

balanced-match@^1.0.0:
  version "1.0.0"
  resolved "https://registry.yarnpkg.com/balanced-match/-/balanced-match-1.0.0.tgz#89b4d199ab2bee49de164ea02b89ce462d71b767"
  integrity sha1-ibTRmasr7kneFk6gK4nORi1xt2c=

base64-js@^1.0.2:
  version "1.3.1"
  resolved "https://registry.yarnpkg.com/base64-js/-/base64-js-1.3.1.tgz#58ece8cb75dd07e71ed08c736abc5fac4dbf8df1"
  integrity sha512-mLQ4i2QO1ytvGWFWmcngKO//JXAQueZvwEKtjgQFM4jIK0kU+ytMfplL8j+n5mspOfjHwoAg+9yhb7BwAHm36g==

bl@^4.0.3:
  version "4.0.3"
  resolved "https://registry.yarnpkg.com/bl/-/bl-4.0.3.tgz#12d6287adc29080e22a705e5764b2a9522cdc489"
  integrity sha512-fs4G6/Hu4/EE+F75J8DuN/0IpQqNjAdC7aEQv7Qt8MHGUH7Ckv2MwTEEeN9QehD0pfIDkMI1bkHYkKy7xHyKIg==
  dependencies:
    buffer "^5.5.0"
    inherits "^2.0.4"
    readable-stream "^3.4.0"

brace-expansion@^1.1.7:
  version "1.1.11"
  resolved "https://registry.yarnpkg.com/brace-expansion/-/brace-expansion-1.1.11.tgz#3c7fcbf529d87226f3d2f52b966ff5271eb441dd"
  integrity sha512-iCuPHDFgrHX7H2vEI/5xpz07zSHB00TpugqhmYtVmMO6518mCuRMoOYFldEBl0g187ufozdaHgWKcYFb61qGiA==
  dependencies:
    balanced-match "^1.0.0"
    concat-map "0.0.1"

buffer-crc32@^0.2.1, buffer-crc32@^0.2.13:
  version "0.2.13"
  resolved "https://registry.yarnpkg.com/buffer-crc32/-/buffer-crc32-0.2.13.tgz#0d333e3f00eac50aa1454abd30ef8c2a5d9a7242"
  integrity sha1-DTM+PwDqxQqhRUq9MO+MKl2ackI=

buffer-from@^1.0.0:
  version "1.1.1"
  resolved "https://registry.yarnpkg.com/buffer-from/-/buffer-from-1.1.1.tgz#32713bc028f75c02fdb710d7c7bcec1f2c6070ef"
  integrity sha512-MQcXEUbCKtEo7bhqEs6560Hyd4XaovZlO/k9V3hjVUF/zwW7KBVdSK4gIt/bzwS9MbR5qob+F5jusZsb0YQK2A==

buffer@^5.1.0, buffer@^5.5.0:
  version "5.6.0"
  resolved "https://registry.yarnpkg.com/buffer/-/buffer-5.6.0.tgz#a31749dc7d81d84db08abf937b6b8c4033f62786"
  integrity sha512-/gDYp/UtU0eA1ys8bOs9J6a+E/KWIY+DZ+Q2WESNUA0jFRsJOc0SNUO6xJ5SGA1xueg3NL65W6s+NY5l9cunuw==
  dependencies:
    base64-js "^1.0.2"
    ieee754 "^1.1.4"

builtin-modules@^1.1.1:
  version "1.1.1"
  resolved "https://registry.yarnpkg.com/builtin-modules/-/builtin-modules-1.1.1.tgz#270f076c5a72c02f5b65a47df94c5fe3a278892f"
  integrity sha1-Jw8HbFpywC9bZaR9+Uxf46J4iS8=

chalk@3.0.0:
  version "3.0.0"
  resolved "https://registry.yarnpkg.com/chalk/-/chalk-3.0.0.tgz#3f73c2bf526591f574cc492c51e2456349f844e4"
  integrity sha512-4D3B6Wf41KOYRFdszmDqMCGq5VV/uMAB273JILmO+3jAlh8X4qDtdtgCR3fxtbLEMzSx22QdhnDcJvu2u1fVwg==
  dependencies:
    ansi-styles "^4.1.0"
    supports-color "^7.1.0"

chalk@^1.0.0, chalk@^1.1.3:
  version "1.1.3"
  resolved "https://registry.yarnpkg.com/chalk/-/chalk-1.1.3.tgz#a8115c55e4a702fe4d150abd3872822a7e09fc98"
  integrity sha1-qBFcVeSnAv5NFQq9OHKCKn4J/Jg=
  dependencies:
    ansi-styles "^2.2.1"
    escape-string-regexp "^1.0.2"
    has-ansi "^2.0.0"
    strip-ansi "^3.0.0"
    supports-color "^2.0.0"

chalk@^2.0.0, chalk@^2.3.0, chalk@^2.4.1:
  version "2.4.2"
  resolved "https://registry.yarnpkg.com/chalk/-/chalk-2.4.2.tgz#cd42541677a54333cf541a49108c1432b44c9424"
  integrity sha512-Mti+f9lpJNcwF4tWV8/OrTTtF1gZi+f8FqlyAdouralcFWFQWF2+NgCHShjkCb+IFBLq9buZwE1xckQU4peSuQ==
  dependencies:
    ansi-styles "^3.2.1"
    escape-string-regexp "^1.0.5"
    supports-color "^5.3.0"

cli-cursor@^2.0.0, cli-cursor@^2.1.0:
  version "2.1.0"
  resolved "https://registry.yarnpkg.com/cli-cursor/-/cli-cursor-2.1.0.tgz#b35dac376479facc3e94747d41d0d0f5238ffcb5"
  integrity sha1-s12sN2R5+sw+lHR9QdDQ9SOP/LU=
  dependencies:
    restore-cursor "^2.0.0"

cli-truncate@^0.2.1:
  version "0.2.1"
  resolved "https://registry.yarnpkg.com/cli-truncate/-/cli-truncate-0.2.1.tgz#9f15cfbb0705005369216c626ac7d05ab90dd574"
  integrity sha1-nxXPuwcFAFNpIWxiasfQWrkN1XQ=
  dependencies:
    slice-ansi "0.0.4"
    string-width "^1.0.1"

code-point-at@^1.0.0:
  version "1.1.0"
  resolved "https://registry.yarnpkg.com/code-point-at/-/code-point-at-1.1.0.tgz#0d070b4d043a5bea33a2f1a40e2edb3d9a4ccf77"
  integrity sha1-DQcLTQQ6W+ozovGkDi7bPZpMz3c=

color-convert@^1.9.0:
  version "1.9.3"
  resolved "https://registry.yarnpkg.com/color-convert/-/color-convert-1.9.3.tgz#bb71850690e1f136567de629d2d5471deda4c1e8"
  integrity sha512-QfAUtd+vFdAtFQcC8CCyYt1fYWxSqAiK2cSD6zDB8N3cpsEBAvRxp9zOGg6G/SHHJYAT88/az/IuDGALsNVbGg==
  dependencies:
    color-name "1.1.3"

color-convert@^2.0.1:
  version "2.0.1"
  resolved "https://registry.yarnpkg.com/color-convert/-/color-convert-2.0.1.tgz#72d3a68d598c9bdb3af2ad1e84f21d896abd4de3"
  integrity sha512-RRECPsj7iu/xb5oKYcsFHSppFNnsj/52OVTRKb4zP5onXwVF3zVmmToNcOfGC+CRDpfK/U584fMg38ZHCaElKQ==
  dependencies:
    color-name "~1.1.4"

color-name@1.1.3:
  version "1.1.3"
  resolved "https://registry.yarnpkg.com/color-name/-/color-name-1.1.3.tgz#a7d0558bd89c42f795dd42328f740831ca53bc25"
  integrity sha1-p9BVi9icQveV3UIyj3QIMcpTvCU=

color-name@~1.1.4:
  version "1.1.4"
  resolved "https://registry.yarnpkg.com/color-name/-/color-name-1.1.4.tgz#c2a09a87acbde69543de6f63fa3995c826c536a2"
  integrity sha512-dOy+3AuW3a2wNbZHIuMZpTcgjGuLU/uBL/ubcZF9OXbDo8ff4O8yVp5Bf0efS8uEoYo5q4Fx7dY9OgQGXgAsQA==

commander@^2.12.1:
  version "2.20.3"
  resolved "https://registry.yarnpkg.com/commander/-/commander-2.20.3.tgz#fd485e84c03eb4881c20722ba48035e8531aeb33"
  integrity sha512-GpVkmM8vF2vQUkj2LvZmD35JxeJOLCwJ9cUkugyk2nuhbv3+mJvpLYYt+0+USMxE+oj+ey/lJEnhZw75x/OMcQ==

compress-commons@^2.1.1:
  version "2.1.1"
  resolved "https://registry.yarnpkg.com/compress-commons/-/compress-commons-2.1.1.tgz#9410d9a534cf8435e3fbbb7c6ce48de2dc2f0610"
  integrity sha512-eVw6n7CnEMFzc3duyFVrQEuY1BlHR3rYsSztyG32ibGMW722i3C6IizEGMFmfMU+A+fALvBIwxN3czffTcdA+Q==
  dependencies:
    buffer-crc32 "^0.2.13"
    crc32-stream "^3.0.1"
    normalize-path "^3.0.0"
    readable-stream "^2.3.6"

concat-map@0.0.1:
  version "0.0.1"
  resolved "https://registry.yarnpkg.com/concat-map/-/concat-map-0.0.1.tgz#d8a96bd77fd68df7793a73036a3ba0d5405d477b"
  integrity sha1-2Klr13/Wjfd5OnMDajug1UBdR3s=

concat-stream@1.6.2:
  version "1.6.2"
  resolved "https://registry.yarnpkg.com/concat-stream/-/concat-stream-1.6.2.tgz#904bdf194cd3122fc675c77fc4ac3d4ff0fd1a34"
  integrity sha512-27HBghJxjiZtIk3Ycvn/4kbJk/1uZuJFfuPEns6LaEvpvG1f0hTea8lilrouyo9mVc2GWdcEZ8OLoGmSADlrCw==
  dependencies:
    buffer-from "^1.0.0"
    inherits "^2.0.3"
    readable-stream "^2.2.2"
    typedarray "^0.0.6"

core-util-is@~1.0.0:
  version "1.0.2"
  resolved "https://registry.yarnpkg.com/core-util-is/-/core-util-is-1.0.2.tgz#b5fd54220aa2bc5ab57aab7140c940754503c1a7"
  integrity sha1-tf1UIgqivFq1eqtxQMlAdUUDwac=

crc32-stream@^3.0.1:
  version "3.0.1"
  resolved "https://registry.yarnpkg.com/crc32-stream/-/crc32-stream-3.0.1.tgz#cae6eeed003b0e44d739d279de5ae63b171b4e85"
  integrity sha512-mctvpXlbzsvK+6z8kJwSJ5crm7yBwrQMTybJzMw1O4lLGJqjlDCXY2Zw7KheiA6XBEcBmfLx1D88mjRGVJtY9w==
  dependencies:
    crc "^3.4.4"
    readable-stream "^3.4.0"

crc@^3.4.4:
  version "3.8.0"
  resolved "https://registry.yarnpkg.com/crc/-/crc-3.8.0.tgz#ad60269c2c856f8c299e2c4cc0de4556914056c6"
  integrity sha512-iX3mfgcTMIq3ZKLIsVFAbv7+Mc10kxabAGQb8HvjA1o3T1PIYprbakQ65d3I+2HGHt6nSKkM9PYjgoJO2KcFBQ==
  dependencies:
    buffer "^5.1.0"

date-fns@^1.27.2:
  version "1.30.1"
  resolved "https://registry.yarnpkg.com/date-fns/-/date-fns-1.30.1.tgz#2e71bf0b119153dbb4cc4e88d9ea5acfb50dc05c"
  integrity sha512-hBSVCvSmWC+QypYObzwGOd9wqdDpOt+0wl0KbU+R+uuZBS1jN8VsD1ss3irQDknRj5NvxiTF6oj/nDRnN/UQNw==

debug@2.6.9:
  version "2.6.9"
  resolved "https://registry.yarnpkg.com/debug/-/debug-2.6.9.tgz#5d128515df134ff327e90a4c93f4e077a536341f"
  integrity sha512-bC7ElrdJaJnPbAP+1EotYvqZsb3ecl5wi6Bfi6BJTUcNowp6cvspg0jXznRTKDjm/E7AdgFBVeAPVMNcKGsHMA==
  dependencies:
    ms "2.0.0"

diff@^4.0.1:
  version "4.0.2"
  resolved "https://registry.yarnpkg.com/diff/-/diff-4.0.2.tgz#60f3aecb89d5fae520c11aa19efc2bb982aade7d"
  integrity sha512-58lmxKSA4BNyLz+HHMUzlOEpg09FV+ev6ZMe3vJihgdxzgcwZ8VoEEPmALCZG9LmqfVoNMMKpttIYTVG6uDY7A==

dotenv@8.2.0:
  version "8.2.0"
  resolved "https://registry.yarnpkg.com/dotenv/-/dotenv-8.2.0.tgz#97e619259ada750eea3e4ea3e26bceea5424b16a"
  integrity sha512-8sJ78ElpbDJBHNeBzUbUVLsqKdccaa/BXF1uPTw3GrvQTBgrQrtObr2mUrE38vzYd8cEv+m/JBfDLioYcfXoaw==

elegant-spinner@^1.0.1:
  version "1.0.1"
  resolved "https://registry.yarnpkg.com/elegant-spinner/-/elegant-spinner-1.0.1.tgz#db043521c95d7e303fd8f345bedc3349cfb0729e"
  integrity sha1-2wQ1IcldfjA/2PNFvtwzSc+wcp4=

end-of-stream@^1.4.1:
  version "1.4.4"
  resolved "https://registry.yarnpkg.com/end-of-stream/-/end-of-stream-1.4.4.tgz#5ae64a5f45057baf3626ec14da0ca5e4b2431eb0"
  integrity sha512-+uw1inIHVPQoaVuHzRyXd21icM+cnt4CzD5rW+NC1wjOUSTOs+Te7FOv7AhN7vS9x/oIyhLP5PR1H+phQAHu5Q==
  dependencies:
    once "^1.4.0"

escape-string-regexp@^1.0.2, escape-string-regexp@^1.0.5:
  version "1.0.5"
  resolved "https://registry.yarnpkg.com/escape-string-regexp/-/escape-string-regexp-1.0.5.tgz#1b61c0562190a8dff6ae3bb2cf0200ca130b86d4"
  integrity sha1-G2HAViGQqN/2rjuyzwIAyhMLhtQ=

esprima@^4.0.0:
  version "4.0.1"
  resolved "https://registry.yarnpkg.com/esprima/-/esprima-4.0.1.tgz#13b04cdb3e6c5d19df91ab6987a8695619b0aa71"
  integrity sha512-eGuFFw7Upda+g4p+QHvnW0RyTX/SVeJBDM/gCtMARO0cLuT2HcEKnTPvhjV6aGeqrCB/sbNop0Kszm0jsaWU4A==

extract-zip@1.6.7:
  version "1.6.7"
  resolved "https://registry.yarnpkg.com/extract-zip/-/extract-zip-1.6.7.tgz#a840b4b8af6403264c8db57f4f1a74333ef81fe9"
  integrity sha1-qEC0uK9kAyZMjbV/Txp0Mz74H+k=
  dependencies:
    concat-stream "1.6.2"
    debug "2.6.9"
    mkdirp "0.5.1"
    yauzl "2.4.1"

fd-slicer@~1.0.1:
  version "1.0.1"
  resolved "https://registry.yarnpkg.com/fd-slicer/-/fd-slicer-1.0.1.tgz#8b5bcbd9ec327c5041bf9ab023fd6750f1177e65"
  integrity sha1-i1vL2ewyfFBBv5qwI/1nUPEXfmU=
  dependencies:
    pend "~1.2.0"

figures@^1.7.0:
  version "1.7.0"
  resolved "https://registry.yarnpkg.com/figures/-/figures-1.7.0.tgz#cbe1e3affcf1cd44b80cadfed28dc793a9701d2e"
  integrity sha1-y+Hjr/zxzUS4DK3+0o3Hk6lwHS4=
  dependencies:
    escape-string-regexp "^1.0.5"
    object-assign "^4.1.0"

figures@^2.0.0:
  version "2.0.0"
  resolved "https://registry.yarnpkg.com/figures/-/figures-2.0.0.tgz#3ab1a2d2a62c8bfb431a0c94cb797a2fce27c962"
  integrity sha1-OrGi0qYsi/tDGgyUy3l6L84nyWI=
  dependencies:
    escape-string-regexp "^1.0.5"

filesize@6.0.1:
  version "6.0.1"
  resolved "https://registry.yarnpkg.com/filesize/-/filesize-6.0.1.tgz#f850b509909c7c86f7e450ea19006c31c2ed3d2f"
  integrity sha512-u4AYWPgbI5GBhs6id1KdImZWn5yfyFrrQ8OWZdN7ZMfA8Bf4HcO0BGo9bmUIEV8yrp8I1xVfJ/dn90GtFNNJcg==

fs-constants@^1.0.0:
  version "1.0.0"
  resolved "https://registry.yarnpkg.com/fs-constants/-/fs-constants-1.0.0.tgz#6be0de9be998ce16af8afc24497b9ee9b7ccd9ad"
  integrity sha512-y6OAwoSIf7FyjMIv94u+b5rdheZEjzR63GTyZJm5qh4Bi+2YgwLCcI/fPFZkL5PSixOt6ZNKm+w+Hfp/Bciwow==

fs-extra@8.1.0:
  version "8.1.0"
  resolved "https://registry.yarnpkg.com/fs-extra/-/fs-extra-8.1.0.tgz#49d43c45a88cd9677668cb7be1b46efdb8d2e1c0"
  integrity sha512-yhlQgA6mnOJUKOsRUFsgJdQCvkKhcz8tlZG5HBQfReYZy46OwLcY+Zia0mtdHsOo9y/hP+CxMN0TU9QxoOtG4g==
  dependencies:
    graceful-fs "^4.2.0"
    jsonfile "^4.0.0"
    universalify "^0.1.0"

fs.realpath@^1.0.0:
  version "1.0.0"
  resolved "https://registry.yarnpkg.com/fs.realpath/-/fs.realpath-1.0.0.tgz#1504ad2523158caa40db4a2787cb01411994ea4f"
  integrity sha1-FQStJSMVjKpA20onh8sBQRmU6k8=

glob@7.1.6, glob@^7.1.1, glob@^7.1.4:
  version "7.1.6"
  resolved "https://registry.yarnpkg.com/glob/-/glob-7.1.6.tgz#141f33b81a7c2492e125594307480c46679278a6"
  integrity sha512-LwaxwyZ72Lk7vZINtNNrywX0ZuLyStrdDtabefZKAY5ZGJhVtgdznluResxNmPitE0SAO+O26sWTHeKSI2wMBA==
  dependencies:
    fs.realpath "^1.0.0"
    inflight "^1.0.4"
    inherits "2"
    minimatch "^3.0.4"
    once "^1.3.0"
    path-is-absolute "^1.0.0"

graceful-fs@^4.1.6, graceful-fs@^4.2.0:
  version "4.2.4"
  resolved "https://registry.yarnpkg.com/graceful-fs/-/graceful-fs-4.2.4.tgz#2256bde14d3632958c465ebc96dc467ca07a29fb"
  integrity sha512-WjKPNJF79dtJAVniUlGGWHYGz2jWxT6VhN/4m1NdkbZ2nOsEF+cI1Edgql5zCRhs/VsQYRvrXctxktVXZUkixw==

has-ansi@^2.0.0:
  version "2.0.0"
  resolved "https://registry.yarnpkg.com/has-ansi/-/has-ansi-2.0.0.tgz#34f5049ce1ecdf2b0649af3ef24e45ed35416d91"
  integrity sha1-NPUEnOHs3ysGSa8+8k5F7TVBbZE=
  dependencies:
    ansi-regex "^2.0.0"

has-flag@^3.0.0:
  version "3.0.0"
  resolved "https://registry.yarnpkg.com/has-flag/-/has-flag-3.0.0.tgz#b5d454dc2199ae225699f3467e5a07f3b955bafd"
  integrity sha1-tdRU3CGZriJWmfNGfloH87lVuv0=

has-flag@^4.0.0:
  version "4.0.0"
  resolved "https://registry.yarnpkg.com/has-flag/-/has-flag-4.0.0.tgz#944771fd9c81c81265c4d6941860da06bb59479b"
  integrity sha512-EykJT/Q1KjTWctppgIAgfSO0tKVuZUjhgMr17kqTumMl6Afv3EISleU7qZUzoXDFTAHTDC4NOoG/ZxU3EvlMPQ==

ieee754@^1.1.4:
  version "1.1.13"
  resolved "https://registry.yarnpkg.com/ieee754/-/ieee754-1.1.13.tgz#ec168558e95aa181fd87d37f55c32bbcb6708b84"
  integrity sha512-4vf7I2LYV/HaWerSo3XmlMkp5eZ83i+/CDluXi/IGTs/O1sejBNhTtnxzmRZfvOUqj7lZjqHkeTvpgSFDlWZTg==

indent-string@^3.0.0:
  version "3.2.0"
  resolved "https://registry.yarnpkg.com/indent-string/-/indent-string-3.2.0.tgz#4a5fd6d27cc332f37e5419a504dbb837105c9289"
  integrity sha1-Sl/W0nzDMvN+VBmlBNu4NxBckok=

inflight@^1.0.4:
  version "1.0.6"
  resolved "https://registry.yarnpkg.com/inflight/-/inflight-1.0.6.tgz#49bd6331d7d02d0c09bc910a1075ba8165b56df9"
  integrity sha1-Sb1jMdfQLQwJvJEKEHW6gWW1bfk=
  dependencies:
    once "^1.3.0"
    wrappy "1"

inherits@2, inherits@^2.0.3, inherits@^2.0.4, inherits@~2.0.3:
  version "2.0.4"
  resolved "https://registry.yarnpkg.com/inherits/-/inherits-2.0.4.tgz#0fa2c64f932917c3433a0ded55363aae37416b7c"
  integrity sha512-k/vGaX4/Yla3WzyMCvTQOXYeIHvqOKtnqBduzTHpzpQZzAskKMhZ2K+EnBiSM9zGSoIFeMpXKxa4dYeZIQqewQ==

is-fullwidth-code-point@^1.0.0:
  version "1.0.0"
  resolved "https://registry.yarnpkg.com/is-fullwidth-code-point/-/is-fullwidth-code-point-1.0.0.tgz#ef9e31386f031a7f0d643af82fde50c457ef00cb"
  integrity sha1-754xOG8DGn8NZDr4L95QxFfvAMs=
  dependencies:
    number-is-nan "^1.0.0"

is-fullwidth-code-point@^2.0.0:
  version "2.0.0"
  resolved "https://registry.yarnpkg.com/is-fullwidth-code-point/-/is-fullwidth-code-point-2.0.0.tgz#a3b30a5c4f199183167aaab93beefae3ddfb654f"
  integrity sha1-o7MKXE8ZkYMWeqq5O+764937ZU8=

is-observable@^1.1.0:
  version "1.1.0"
  resolved "https://registry.yarnpkg.com/is-observable/-/is-observable-1.1.0.tgz#b3e986c8f44de950867cab5403f5a3465005975e"
  integrity sha512-NqCa4Sa2d+u7BWc6CukaObG3Fh+CU9bvixbpcXYhy2VvYS7vVGIdAgnIS5Ks3A/cqk4rebLJ9s8zBstT2aKnIA==
  dependencies:
    symbol-observable "^1.1.0"

is-promise@^2.1.0:
  version "2.2.2"
  resolved "https://registry.yarnpkg.com/is-promise/-/is-promise-2.2.2.tgz#39ab959ccbf9a774cf079f7b40c7a26f763135f1"
  integrity sha512-+lP4/6lKUBfQjZ2pdxThZvLUAafmZb8OAxFb8XXtiQmS35INgr85hdOGoEs124ez1FCnZJt6jau/T+alh58QFQ==

is-stream@^1.1.0:
  version "1.1.0"
  resolved "https://registry.yarnpkg.com/is-stream/-/is-stream-1.1.0.tgz#12d4a3dd4e68e0b79ceb8dbc84173ae80d91ca44"
  integrity sha1-EtSj3U5o4Lec6428hBc66A2RykQ=

isarray@~1.0.0:
  version "1.0.0"
  resolved "https://registry.yarnpkg.com/isarray/-/isarray-1.0.0.tgz#bb935d48582cba168c06834957a54a3e07124f11"
  integrity sha1-u5NdSFgsuhaMBoNJV6VKPgcSTxE=

js-tokens@^4.0.0:
  version "4.0.0"
  resolved "https://registry.yarnpkg.com/js-tokens/-/js-tokens-4.0.0.tgz#19203fb59991df98e3a287050d4647cdeaf32499"
  integrity sha512-RdJUflcE3cUzKiMqQgsCu06FPu9UdIJO0beYbPhHN4k6apgJtifcoCtT9bcxOpYBtpD2kCM6Sbzg4CausW/PKQ==

js-yaml@3.13.1:
  version "3.13.1"
  resolved "https://registry.yarnpkg.com/js-yaml/-/js-yaml-3.13.1.tgz#aff151b30bfdfa8e49e05da22e7415e9dfa37847"
  integrity sha512-YfbcO7jXDdyj0DGxYVSlSeQNHbD7XPWvrVWeVUujrQEoZzWJIRrCPoyk6kL6IAjAG2IolMK4T0hNUe0HOUs5Jw==
  dependencies:
    argparse "^1.0.7"
    esprima "^4.0.0"

js-yaml@^3.13.1:
  version "3.14.0"
  resolved "https://registry.yarnpkg.com/js-yaml/-/js-yaml-3.14.0.tgz#a7a34170f26a21bb162424d8adacb4113a69e482"
  integrity sha512-/4IbIeHcD9VMHFqDR/gQ7EdZdLimOvW2DdcxFjdyyZ9NsbS+ccrXqVWDtab/lRl5AlUqmpBx8EhPaWR+OtY17A==
  dependencies:
    argparse "^1.0.7"
    esprima "^4.0.0"

jsonfile@^4.0.0:
  version "4.0.0"
  resolved "https://registry.yarnpkg.com/jsonfile/-/jsonfile-4.0.0.tgz#8771aae0799b64076b76640fca058f9c10e33ecb"
  integrity sha1-h3Gq4HmbZAdrdmQPygWPnBDjPss=
  optionalDependencies:
    graceful-fs "^4.1.6"

lazystream@^1.0.0:
  version "1.0.0"
  resolved "https://registry.yarnpkg.com/lazystream/-/lazystream-1.0.0.tgz#f6995fe0f820392f61396be89462407bb77168e4"
  integrity sha1-9plf4PggOS9hOWvolGJAe7dxaOQ=
  dependencies:
    readable-stream "^2.0.5"

listr-silent-renderer@^1.1.1:
  version "1.1.1"
  resolved "https://registry.yarnpkg.com/listr-silent-renderer/-/listr-silent-renderer-1.1.1.tgz#924b5a3757153770bf1a8e3fbf74b8bbf3f9242e"
  integrity sha1-kktaN1cVN3C/Go4/v3S4u/P5JC4=

listr-update-renderer@^0.5.0:
  version "0.5.0"
  resolved "https://registry.yarnpkg.com/listr-update-renderer/-/listr-update-renderer-0.5.0.tgz#4ea8368548a7b8aecb7e06d8c95cb45ae2ede6a2"
  integrity sha512-tKRsZpKz8GSGqoI/+caPmfrypiaq+OQCbd+CovEC24uk1h952lVj5sC7SqyFUm+OaJ5HN/a1YLt5cit2FMNsFA==
  dependencies:
    chalk "^1.1.3"
    cli-truncate "^0.2.1"
    elegant-spinner "^1.0.1"
    figures "^1.7.0"
    indent-string "^3.0.0"
    log-symbols "^1.0.2"
    log-update "^2.3.0"
    strip-ansi "^3.0.1"

listr-verbose-renderer@^0.5.0:
  version "0.5.0"
  resolved "https://registry.yarnpkg.com/listr-verbose-renderer/-/listr-verbose-renderer-0.5.0.tgz#f1132167535ea4c1261102b9f28dac7cba1e03db"
  integrity sha512-04PDPqSlsqIOaaaGZ+41vq5FejI9auqTInicFRndCBgE3bXG8D6W1I+mWhk+1nqbHmyhla/6BUrd5OSiHwKRXw==
  dependencies:
    chalk "^2.4.1"
    cli-cursor "^2.1.0"
    date-fns "^1.27.2"
    figures "^2.0.0"

listr@0.14.3:
  version "0.14.3"
  resolved "https://registry.yarnpkg.com/listr/-/listr-0.14.3.tgz#2fea909604e434be464c50bddba0d496928fa586"
  integrity sha512-RmAl7su35BFd/xoMamRjpIE4j3v+L28o8CT5YhAXQJm1fD+1l9ngXY8JAQRJ+tFK2i5njvi0iRUKV09vPwA0iA==
  dependencies:
    "@samverschueren/stream-to-observable" "^0.3.0"
    is-observable "^1.1.0"
    is-promise "^2.1.0"
    is-stream "^1.1.0"
    listr-silent-renderer "^1.1.1"
    listr-update-renderer "^0.5.0"
    listr-verbose-renderer "^0.5.0"
    p-map "^2.0.0"
    rxjs "^6.3.3"

lodash.defaults@^4.2.0:
  version "4.2.0"
  resolved "https://registry.yarnpkg.com/lodash.defaults/-/lodash.defaults-4.2.0.tgz#d09178716ffea4dde9e5fb7b37f6f0802274580c"
  integrity sha1-0JF4cW/+pN3p5ft7N/bwgCJ0WAw=

lodash.difference@^4.5.0:
  version "4.5.0"
  resolved "https://registry.yarnpkg.com/lodash.difference/-/lodash.difference-4.5.0.tgz#9ccb4e505d486b91651345772885a2df27fd017c"
  integrity sha1-nMtOUF1Ia5FlE0V3KIWi3yf9AXw=

lodash.flatten@^4.4.0:
  version "4.4.0"
  resolved "https://registry.yarnpkg.com/lodash.flatten/-/lodash.flatten-4.4.0.tgz#f31c22225a9632d2bbf8e4addbef240aa765a61f"
  integrity sha1-8xwiIlqWMtK7+OSt2+8kCqdlph8=

lodash.isplainobject@^4.0.6:
  version "4.0.6"
  resolved "https://registry.yarnpkg.com/lodash.isplainobject/-/lodash.isplainobject-4.0.6.tgz#7c526a52d89b45c45cc690b88163be0497f550cb"
  integrity sha1-fFJqUtibRcRcxpC4gWO+BJf1UMs=

lodash.union@^4.6.0:
  version "4.6.0"
  resolved "https://registry.yarnpkg.com/lodash.union/-/lodash.union-4.6.0.tgz#48bb5088409f16f1821666641c44dd1aaae3cd88"
  integrity sha1-SLtQiECfFvGCFmZkHETdGqrjzYg=

lodash@^4.17.14:
  version "4.17.21"
  resolved "https://registry.yarnpkg.com/lodash/-/lodash-4.17.21.tgz#679591c564c3bffaae8454cf0b3df370c3d6911c"
  integrity sha512-v2kDEe57lecTulaDIuNTPy3Ry4gLGJ6Z1O3vE1krgXZNrsQ+LFTGHVxVjcXPs17LhbZVGedAJv8XZ1tvj5FvSg==

log-symbols@^1.0.2:
  version "1.0.2"
  resolved "https://registry.yarnpkg.com/log-symbols/-/log-symbols-1.0.2.tgz#376ff7b58ea3086a0f09facc74617eca501e1a18"
  integrity sha1-N2/3tY6jCGoPCfrMdGF+ylAeGhg=
  dependencies:
    chalk "^1.0.0"

log-update@^2.3.0:
  version "2.3.0"
  resolved "https://registry.yarnpkg.com/log-update/-/log-update-2.3.0.tgz#88328fd7d1ce7938b29283746f0b1bc126b24708"
  integrity sha1-iDKP19HOeTiykoN0bwsbwSayRwg=
  dependencies:
    ansi-escapes "^3.0.0"
    cli-cursor "^2.0.0"
    wrap-ansi "^3.0.1"

make-error@^1.1.1:
  version "1.3.6"
  resolved "https://registry.yarnpkg.com/make-error/-/make-error-1.3.6.tgz#2eb2e37ea9b67c4891f684a1394799af484cf7a2"
  integrity sha512-s8UhlNe7vPKomQhC1qFelMokr/Sc3AgNbso3n74mVPA5LTZwkB9NlXf4XPamLxJE8h0gh73rM94xvwRT2CVInw==

mimic-fn@^1.0.0:
  version "1.2.0"
  resolved "https://registry.yarnpkg.com/mimic-fn/-/mimic-fn-1.2.0.tgz#820c86a39334640e99516928bd03fca88057d022"
  integrity sha512-jf84uxzwiuiIVKiOLpfYk7N46TSy8ubTonmneY9vrpHNAnp0QBt2BxWV9dO3/j+BoVAb+a5G6YDPW3M5HOdMWQ==

minimatch@3.0.4, minimatch@^3.0.4:
  version "3.0.4"
  resolved "https://registry.yarnpkg.com/minimatch/-/minimatch-3.0.4.tgz#5166e286457f03306064be5497e8dbb0c3d32083"
  integrity sha512-yJHVQEhyqPLUTgt9B83PXu6W3rx4MvvHvSUvToogpwoGDOUQ+yDrR0HRot+yOCdCO7u4hX3pWft6kWBBcqh0UA==
  dependencies:
    brace-expansion "^1.1.7"

minimist@0.0.8:
  version "0.0.8"
  resolved "https://registry.yarnpkg.com/minimist/-/minimist-0.0.8.tgz#857fcabfc3397d2625b8228262e86aa7a011b05d"
  integrity sha1-hX/Kv8M5fSYluCKCYuhqp6ARsF0=

minimist@^1.2.5:
  version "1.2.5"
  resolved "https://registry.yarnpkg.com/minimist/-/minimist-1.2.5.tgz#67d66014b66a6a8aaa0c083c5fd58df4e4e97602"
  integrity sha512-FM9nNUYrRBAELZQT3xeZQ7fmMOBg6nWNmJKTcgsJeaLstP/UODVpGsr5OhXhhXg6f+qtJ8uiZ+PUxkDWcgIXLw==

mkdirp@0.5.1:
  version "0.5.1"
  resolved "https://registry.yarnpkg.com/mkdirp/-/mkdirp-0.5.1.tgz#30057438eac6cf7f8c4767f38648d6697d75c903"
  integrity sha1-MAV0OOrGz3+MR2fzhkjWaX11yQM=
  dependencies:
    minimist "0.0.8"

mkdirp@^0.5.1:
  version "0.5.5"
  resolved "https://registry.yarnpkg.com/mkdirp/-/mkdirp-0.5.5.tgz#d91cefd62d1436ca0f41620e251288d420099def"
  integrity sha512-NKmAlESf6jMGym1++R0Ra7wvhV+wFW63FaSOFPwRahvea0gMUcGUhVeAg/0BC0wiv9ih5NYPB1Wn1UEI1/L+xQ==
  dependencies:
    minimist "^1.2.5"

ms@2.0.0:
  version "2.0.0"
  resolved "https://registry.yarnpkg.com/ms/-/ms-2.0.0.tgz#5608aeadfc00be6c2901df5f9861788de0d597c8"
  integrity sha1-VgiurfwAvmwpAd9fmGF4jeDVl8g=

normalize-path@^3.0.0:
  version "3.0.0"
  resolved "https://registry.yarnpkg.com/normalize-path/-/normalize-path-3.0.0.tgz#0dcd69ff23a1c9b11fd0978316644a0388216a65"
  integrity sha512-6eZs5Ls3WtCisHWp9S2GUy8dqkpGi4BVSz3GaqiE6ezub0512ESztXUwUB6C6IKbQkY2Pnb/mD4WYojCRwcwLA==

number-is-nan@^1.0.0:
  version "1.0.1"
  resolved "https://registry.yarnpkg.com/number-is-nan/-/number-is-nan-1.0.1.tgz#097b602b53422a522c1afb8790318336941a011d"
  integrity sha1-CXtgK1NCKlIsGvuHkDGDNpQaAR0=

object-assign@^4.1.0:
  version "4.1.1"
  resolved "https://registry.yarnpkg.com/object-assign/-/object-assign-4.1.1.tgz#2109adc7965887cfc05cbbd442cac8bfbb360863"
  integrity sha1-IQmtx5ZYh8/AXLvUQsrIv7s2CGM=

once@^1.3.0, once@^1.4.0:
  version "1.4.0"
  resolved "https://registry.yarnpkg.com/once/-/once-1.4.0.tgz#583b1aa775961d4b113ac17d9c50baef9dd76bd1"
  integrity sha1-WDsap3WWHUsROsF9nFC6753Xa9E=
  dependencies:
    wrappy "1"

onetime@^2.0.0:
  version "2.0.1"
  resolved "https://registry.yarnpkg.com/onetime/-/onetime-2.0.1.tgz#067428230fd67443b2794b22bba528b6867962d4"
  integrity sha1-BnQoIw/WdEOyeUsiu6UotoZ5YtQ=
  dependencies:
    mimic-fn "^1.0.0"

p-map@^2.0.0:
  version "2.1.0"
  resolved "https://registry.yarnpkg.com/p-map/-/p-map-2.1.0.tgz#310928feef9c9ecc65b68b17693018a665cea175"
  integrity sha512-y3b8Kpd8OAN444hxfBbFfj1FY/RjtTd8tzYwhUqNYXx0fXx2iX4maP4Qr6qhIKbQXI02wTLAda4fYUbDagTUFw==

path-is-absolute@^1.0.0:
  version "1.0.1"
  resolved "https://registry.yarnpkg.com/path-is-absolute/-/path-is-absolute-1.0.1.tgz#174b9268735534ffbc7ace6bf53a5a9e1b5c5f5f"
  integrity sha1-F0uSaHNVNP+8es5r9TpanhtcX18=

path-parse@^1.0.6:
  version "1.0.6"
  resolved "https://registry.yarnpkg.com/path-parse/-/path-parse-1.0.6.tgz#d62dbb5679405d72c4737ec58600e9ddcf06d24c"
  integrity sha512-GSmOT2EbHrINBf9SR7CDELwlJ8AENk3Qn7OikK4nFYAu3Ote2+JYNVvkpAEQm3/TLNEJFD/xZJjzyxg3KBWOzw==

pend@~1.2.0:
  version "1.2.0"
  resolved "https://registry.yarnpkg.com/pend/-/pend-1.2.0.tgz#7a57eb550a6783f9115331fcf4663d5c8e007a50"
  integrity sha1-elfrVQpng/kRUzH89GY9XI4AelA=

prettier@1.19.1:
  version "1.19.1"
  resolved "https://registry.yarnpkg.com/prettier/-/prettier-1.19.1.tgz#f7d7f5ff8a9cd872a7be4ca142095956a60797cb"
  integrity sha512-s7PoyDv/II1ObgQunCbB9PdLmUcBZcnWOcxDh7O0N/UwDEsHyqkW+Qh28jW+mVuCdx7gLB0BotYI1Y6uI9iyew==

process-nextick-args@~2.0.0:
  version "2.0.1"
  resolved "https://registry.yarnpkg.com/process-nextick-args/-/process-nextick-args-2.0.1.tgz#7820d9b16120cc55ca9ae7792680ae7dba6d7fe2"
  integrity sha512-3ouUOpQhtgrbOa17J7+uxOTpITYWaGP7/AhoR3+A+/1e9skrzelGi/dXzEYyvbxubEF6Wn2ypscTKiKJFFn1ag==

ramda@0.26.1:
  version "0.26.1"
  resolved "https://registry.yarnpkg.com/ramda/-/ramda-0.26.1.tgz#8d41351eb8111c55353617fc3bbffad8e4d35d06"
  integrity sha512-hLWjpy7EnsDBb0p+Z3B7rPi3GDeRG5ZtiI33kJhTt+ORCd38AbAIjB/9zRIUoeTbE/AVX5ZkU7m6bznsvrf8eQ==

readable-stream@^2.0.0, readable-stream@^2.0.5, readable-stream@^2.2.2, readable-stream@^2.3.6:
  version "2.3.7"
  resolved "https://registry.yarnpkg.com/readable-stream/-/readable-stream-2.3.7.tgz#1eca1cf711aef814c04f62252a36a62f6cb23b57"
  integrity sha512-Ebho8K4jIbHAxnuxi7o42OrZgF/ZTNcsZj6nRKyUmkhLFq8CHItp/fy6hQZuZmP/n3yZ9VBUbp4zz/mX8hmYPw==
  dependencies:
    core-util-is "~1.0.0"
    inherits "~2.0.3"
    isarray "~1.0.0"
    process-nextick-args "~2.0.0"
    safe-buffer "~5.1.1"
    string_decoder "~1.1.1"
    util-deprecate "~1.0.1"

readable-stream@^3.1.1, readable-stream@^3.4.0:
  version "3.6.0"
  resolved "https://registry.yarnpkg.com/readable-stream/-/readable-stream-3.6.0.tgz#337bbda3adc0706bd3e024426a286d4b4b2c9198"
  integrity sha512-BViHy7LKeTz4oNnkcLJ+lVSL6vpiFeX6/d3oSH8zCW7UxP2onchk+vTGB143xuFjHS3deTgkKoXXymXqymiIdA==
  dependencies:
    inherits "^2.0.3"
    string_decoder "^1.1.1"
    util-deprecate "^1.0.1"

resolve@^1.3.2:
  version "1.17.0"
  resolved "https://registry.yarnpkg.com/resolve/-/resolve-1.17.0.tgz#b25941b54968231cc2d1bb76a79cb7f2c0bf8444"
  integrity sha512-ic+7JYiV8Vi2yzQGFWOkiZD5Z9z7O2Zhm9XMaTxdJExKasieFCr+yXZ/WmXsckHiKl12ar0y6XiXDx3m4RHn1w==
  dependencies:
    path-parse "^1.0.6"

restore-cursor@^2.0.0:
  version "2.0.0"
  resolved "https://registry.yarnpkg.com/restore-cursor/-/restore-cursor-2.0.0.tgz#9f7ee287f82fd326d4fd162923d62129eee0dfaf"
  integrity sha1-n37ih/gv0ybU/RYpI9YhKe7g368=
  dependencies:
    onetime "^2.0.0"
    signal-exit "^3.0.2"

rxjs@6.5.4:
  version "6.5.4"
  resolved "https://registry.yarnpkg.com/rxjs/-/rxjs-6.5.4.tgz#e0777fe0d184cec7872df147f303572d414e211c"
  integrity sha512-naMQXcgEo3csAEGvw/NydRA0fuS2nDZJiw1YUWFKU7aPPAPGZEsD4Iimit96qwCieH6y614MCLYwdkrWx7z/7Q==
  dependencies:
    tslib "^1.9.0"

rxjs@^6.3.3, rxjs@^6.5.1:
  version "6.6.3"
  resolved "https://registry.yarnpkg.com/rxjs/-/rxjs-6.6.3.tgz#8ca84635c4daa900c0d3967a6ee7ac60271ee552"
  integrity sha512-trsQc+xYYXZ3urjOiJOuCOa5N3jAZ3eiSpQB5hIT8zGlL2QfnHLJ2r7GMkBGuIausdJN1OneaI6gQlsqNHHmZQ==
  dependencies:
    tslib "^1.9.0"

safe-buffer@~5.1.0, safe-buffer@~5.1.1:
  version "5.1.2"
  resolved "https://registry.yarnpkg.com/safe-buffer/-/safe-buffer-5.1.2.tgz#991ec69d296e0313747d59bdfd2b745c35f8828d"
  integrity sha512-Gd2UZBJDkXlY7GbJxfsE8/nvKkUEU1G38c1siN6QP6a9PT9MmHB8GnpscSmMJSoF8LOIrt8ud/wPtojys4G6+g==

safe-buffer@~5.2.0:
  version "5.2.1"
  resolved "https://registry.yarnpkg.com/safe-buffer/-/safe-buffer-5.2.1.tgz#1eaf9fa9bdb1fdd4ec75f58f9cdb4e6b7827eec6"
  integrity sha512-rp3So07KcdmmKbGvgaNxQSJr7bGVSVk5S9Eq1F+ppbRo70+YeaDxkw5Dd8NPN+GD6bjnYm2VuPuCXmpuYvmCXQ==

semver@^5.3.0:
  version "5.7.1"
  resolved "https://registry.yarnpkg.com/semver/-/semver-5.7.1.tgz#a954f931aeba508d307bbf069eff0c01c96116f7"
  integrity sha512-sauaDf/PZdVgrLTNYHRtpXa1iRiKcaebiKQ1BJdpQlWH2lCvexQdX55snPFyK7QzpudqbCI0qXFfOasHdyNDGQ==

signal-exit@^3.0.2:
  version "3.0.3"
  resolved "https://registry.yarnpkg.com/signal-exit/-/signal-exit-3.0.3.tgz#a1410c2edd8f077b08b4e253c8eacfcaf057461c"
  integrity sha512-VUJ49FC8U1OxwZLxIbTTrDvLnf/6TDgxZcK8wxR8zs13xpx7xbG60ndBlhNrFi2EMuFRoeDoJO7wthSLq42EjA==

slice-ansi@0.0.4:
  version "0.0.4"
  resolved "https://registry.yarnpkg.com/slice-ansi/-/slice-ansi-0.0.4.tgz#edbf8903f66f7ce2f8eafd6ceed65e264c831b35"
  integrity sha1-7b+JA/ZvfOL46v1s7tZeJkyDGzU=

source-map-support@^0.5.6:
  version "0.5.19"
  resolved "https://registry.yarnpkg.com/source-map-support/-/source-map-support-0.5.19.tgz#a98b62f86dcaf4f67399648c085291ab9e8fed61"
  integrity sha512-Wonm7zOCIJzBGQdB+thsPar0kYuCIzYvxZwlBa87yi/Mdjv7Tip2cyVbLj5o0cFPN4EVkuTwb3GDDyUx2DGnGw==
  dependencies:
    buffer-from "^1.0.0"
    source-map "^0.6.0"

source-map@^0.6.0:
  version "0.6.1"
  resolved "https://registry.yarnpkg.com/source-map/-/source-map-0.6.1.tgz#74722af32e9614e9c287a8d0bbde48b5e2f1a263"
  integrity sha512-UjgapumWlbMhkBgzT7Ykc5YXUT46F0iKu8SGXq0bcwP5dz/h0Plj6enJqjz1Zbq2l5WaqYnrVbwWOWMyF3F47g==

sprintf-js@~1.0.2:
  version "1.0.3"
  resolved "https://registry.yarnpkg.com/sprintf-js/-/sprintf-js-1.0.3.tgz#04e6926f662895354f3dd015203633b857297e2c"
  integrity sha1-BOaSb2YolTVPPdAVIDYzuFcpfiw=

string-width@^1.0.1:
  version "1.0.2"
  resolved "https://registry.yarnpkg.com/string-width/-/string-width-1.0.2.tgz#118bdf5b8cdc51a2a7e70d211e07e2b0b9b107d3"
  integrity sha1-EYvfW4zcUaKn5w0hHgfisLmxB9M=
  dependencies:
    code-point-at "^1.0.0"
    is-fullwidth-code-point "^1.0.0"
    strip-ansi "^3.0.0"

string-width@^2.1.1:
  version "2.1.1"
  resolved "https://registry.yarnpkg.com/string-width/-/string-width-2.1.1.tgz#ab93f27a8dc13d28cac815c462143a6d9012ae9e"
  integrity sha512-nOqH59deCq9SRHlxq1Aw85Jnt4w6KvLKqWVik6oA9ZklXLNIOlqg4F2yrT1MVaTjAqvVwdfeZ7w7aCvJD7ugkw==
  dependencies:
    is-fullwidth-code-point "^2.0.0"
    strip-ansi "^4.0.0"

string_decoder@^1.1.1:
  version "1.3.0"
  resolved "https://registry.yarnpkg.com/string_decoder/-/string_decoder-1.3.0.tgz#42f114594a46cf1a8e30b0a84f56c78c3edac21e"
  integrity sha512-hkRX8U1WjJFd8LsDJ2yQ/wWWxaopEsABU1XfkM8A+j0+85JAGppt16cr1Whg6KIbb4okU6Mql6BOj+uup/wKeA==
  dependencies:
    safe-buffer "~5.2.0"

string_decoder@~1.1.1:
  version "1.1.1"
  resolved "https://registry.yarnpkg.com/string_decoder/-/string_decoder-1.1.1.tgz#9cf1611ba62685d7030ae9e4ba34149c3af03fc8"
  integrity sha512-n/ShnvDi6FHbbVfviro+WojiFzv+s8MPMHBczVePfUpDJLwoLT0ht1l4YwBCbi8pJAveEEdnkHyPyTP/mzRfwg==
  dependencies:
    safe-buffer "~5.1.0"

strip-ansi@^3.0.0, strip-ansi@^3.0.1:
  version "3.0.1"
  resolved "https://registry.yarnpkg.com/strip-ansi/-/strip-ansi-3.0.1.tgz#6a385fb8853d952d5ff05d0e8aaf94278dc63dcf"
  integrity sha1-ajhfuIU9lS1f8F0Oiq+UJ43GPc8=
  dependencies:
    ansi-regex "^2.0.0"

strip-ansi@^4.0.0:
  version "4.0.0"
  resolved "https://registry.yarnpkg.com/strip-ansi/-/strip-ansi-4.0.0.tgz#a8479022eb1ac368a871389b635262c505ee368f"
  integrity sha1-qEeQIusaw2iocTibY1JixQXuNo8=
  dependencies:
    ansi-regex "^3.0.0"

supports-color@^2.0.0:
  version "2.0.0"
  resolved "https://registry.yarnpkg.com/supports-color/-/supports-color-2.0.0.tgz#535d045ce6b6363fa40117084629995e9df324c7"
  integrity sha1-U10EXOa2Nj+kARcIRimZXp3zJMc=

supports-color@^5.3.0:
  version "5.5.0"
  resolved "https://registry.yarnpkg.com/supports-color/-/supports-color-5.5.0.tgz#e2e69a44ac8772f78a1ec0b35b689df6530efc8f"
  integrity sha512-QjVjwdXIt408MIiAqCX4oUKsgU2EqAGzs2Ppkm4aQYbjm+ZEWEcW4SfFNTr4uMNZma0ey4f5lgLrkB0aX0QMow==
  dependencies:
    has-flag "^3.0.0"

supports-color@^7.1.0:
  version "7.2.0"
  resolved "https://registry.yarnpkg.com/supports-color/-/supports-color-7.2.0.tgz#1b7dcdcb32b8138801b3e478ba6a51caa89648da"
  integrity sha512-qpCAvRl9stuOHveKsn7HncJRvv501qIacKzQlO/+Lwxc9+0q2wLyv4Dfvt80/DPn2pqOBsJdDiogXGR9+OvwRw==
  dependencies:
    has-flag "^4.0.0"

symbol-observable@^1.1.0:
  version "1.2.0"
  resolved "https://registry.yarnpkg.com/symbol-observable/-/symbol-observable-1.2.0.tgz#c22688aed4eab3cdc2dfeacbb561660560a00804"
  integrity sha512-e900nM8RRtGhlV36KGEU9k65K3mPb1WV70OdjfxlG2EAuM1noi/E/BaW/uMhL7bPEssK8QV57vN3esixjUvcXQ==

tar-stream@^2.1.0:
  version "2.1.4"
  resolved "https://registry.yarnpkg.com/tar-stream/-/tar-stream-2.1.4.tgz#c4fb1a11eb0da29b893a5b25476397ba2d053bfa"
  integrity sha512-o3pS2zlG4gxr67GmFYBLlq+dM8gyRGUOvsrHclSkvtVtQbjV0s/+ZE8OpICbaj8clrX3tjeHngYGP7rweaBnuw==
  dependencies:
    bl "^4.0.3"
    end-of-stream "^1.4.1"
    fs-constants "^1.0.0"
    inherits "^2.0.3"
    readable-stream "^3.1.1"

ts-node@8.6.1:
  version "8.6.1"
  resolved "https://registry.yarnpkg.com/ts-node/-/ts-node-8.6.1.tgz#a31838d93cb67bbe2c56026848ab6c9224564c4e"
  integrity sha512-KqPbO7/UuOPE4ANAOV9geZjk6tet6rK2K+DFeEJq6kIXUi0nLkrOMksozGkIlFopOorkStlwar3DdWYrdl7zCw==
  dependencies:
    arg "^4.1.0"
    diff "^4.0.1"
    make-error "^1.1.1"
    source-map-support "^0.5.6"
    yn "^4.0.0"

ts-toolbelt@^4.12.0:
  version "4.14.6"
  resolved "https://registry.yarnpkg.com/ts-toolbelt/-/ts-toolbelt-4.14.6.tgz#9a232f62276caeee4fa9e81e0c4bffa047de0765"
  integrity sha512-SONcnRd93+LuYGfn/CZg5A5qhCODohZslAVZKHHu5bnwUxoXLqd2k2VIdwRUXYfKnY+UCeNbI2pTPz+Dno6Mpg==

tslib@1.10.0:
  version "1.10.0"
  resolved "https://registry.yarnpkg.com/tslib/-/tslib-1.10.0.tgz#c3c19f95973fb0a62973fb09d90d961ee43e5c8a"
  integrity sha512-qOebF53frne81cf0S9B41ByenJ3/IuH8yJKngAX35CmiZySA0khhkovshKK+jGCaMnVomla7gVlIcc3EvKPbTQ==

tslib@^1.8.0, tslib@^1.8.1, tslib@^1.9.0:
  version "1.14.0"
  resolved "https://registry.yarnpkg.com/tslib/-/tslib-1.14.0.tgz#d624983f3e2c5e0b55307c3dd6c86acd737622c6"
  integrity sha512-+Zw5lu0D9tvBMjGP8LpvMb0u2WW2QV3y+D8mO6J+cNzCYIN4sVy43Bf9vl92nqFahutN0I8zHa7cc4vihIshnw==

tslint-config-prettier@1.18.0:
  version "1.18.0"
  resolved "https://registry.yarnpkg.com/tslint-config-prettier/-/tslint-config-prettier-1.18.0.tgz#75f140bde947d35d8f0d238e0ebf809d64592c37"
  integrity sha512-xPw9PgNPLG3iKRxmK7DWr+Ea/SzrvfHtjFt5LBl61gk2UBG/DB9kCXRjv+xyIU1rUtnayLeMUVJBcMX8Z17nDg==

tslint-react@4.1.0:
  version "4.1.0"
  resolved "https://registry.yarnpkg.com/tslint-react/-/tslint-react-4.1.0.tgz#7153b724a8cfbea52423d0ffa469e8eba3bcc834"
  integrity sha512-Y7CbFn09X7Mpg6rc7t/WPbmjx9xPI8p1RsQyiGCLWgDR6sh3+IBSlT+bEkc0PSZcWwClOkqq2wPsID8Vep6szQ==
  dependencies:
    tsutils "^3.9.1"

tslint@5.20.1:
  version "5.20.1"
  resolved "https://registry.yarnpkg.com/tslint/-/tslint-5.20.1.tgz#e401e8aeda0152bc44dd07e614034f3f80c67b7d"
  integrity sha512-EcMxhzCFt8k+/UP5r8waCf/lzmeSyVlqxqMEDQE7rWYiQky8KpIBz1JAoYXfROHrPZ1XXd43q8yQnULOLiBRQg==
  dependencies:
    "@babel/code-frame" "^7.0.0"
    builtin-modules "^1.1.1"
    chalk "^2.3.0"
    commander "^2.12.1"
    diff "^4.0.1"
    glob "^7.1.1"
    js-yaml "^3.13.1"
    minimatch "^3.0.4"
    mkdirp "^0.5.1"
    resolve "^1.3.2"
    semver "^5.3.0"
    tslib "^1.8.0"
    tsutils "^2.29.0"

tsutils@^2.29.0:
  version "2.29.0"
  resolved "https://registry.yarnpkg.com/tsutils/-/tsutils-2.29.0.tgz#32b488501467acbedd4b85498673a0812aca0b99"
  integrity sha512-g5JVHCIJwzfISaXpXE1qvNalca5Jwob6FjI4AoPlqMusJ6ftFE7IkkFoMhVLRgK+4Kx3gkzb8UZK5t5yTTvEmA==
  dependencies:
    tslib "^1.8.1"

tsutils@^3.9.1:
  version "3.17.1"
  resolved "https://registry.yarnpkg.com/tsutils/-/tsutils-3.17.1.tgz#ed719917f11ca0dee586272b2ac49e015a2dd759"
  integrity sha512-kzeQ5B8H3w60nFY2g8cJIuH7JDpsALXySGtwGJ0p2LSjLgay3NdIpqq5SoOBe46bKDW2iq25irHCr8wjomUS2g==
  dependencies:
    tslib "^1.8.1"

typedarray@^0.0.6:
  version "0.0.6"
  resolved "https://registry.yarnpkg.com/typedarray/-/typedarray-0.0.6.tgz#867ac74e3864187b1d3d47d996a78ec5c8830777"
  integrity sha1-hnrHTjhkGHsdPUfZlqeOxciDB3c=

typescript@3.7.4:
  version "3.7.4"
  resolved "https://registry.yarnpkg.com/typescript/-/typescript-3.7.4.tgz#1743a5ec5fef6a1fa9f3e4708e33c81c73876c19"
  integrity sha512-A25xv5XCtarLwXpcDNZzCGvW2D1S3/bACratYBx2sax8PefsFhlYmkQicKHvpYflFS8if4zne5zT5kpJ7pzuvw==

universalify@^0.1.0:
  version "0.1.2"
  resolved "https://registry.yarnpkg.com/universalify/-/universalify-0.1.2.tgz#b646f69be3942dabcecc9d6639c80dc105efaa66"
  integrity sha512-rBJeI5CXAlmy1pV+617WB9J63U6XcazHHF2f2dbJix4XzpUF0RS3Zbj0FGIOCAva5P/d/GBOYaACQ1w+0azUkg==

util-deprecate@^1.0.1, util-deprecate@~1.0.1:
  version "1.0.2"
  resolved "https://registry.yarnpkg.com/util-deprecate/-/util-deprecate-1.0.2.tgz#450d4dc9fa70de732762fbd2d4a28981419a0ccf"
  integrity sha1-RQ1Nyfpw3nMnYvvS1KKJgUGaDM8=

wrap-ansi@^3.0.1:
  version "3.0.1"
  resolved "https://registry.yarnpkg.com/wrap-ansi/-/wrap-ansi-3.0.1.tgz#288a04d87eda5c286e060dfe8f135ce8d007f8ba"
  integrity sha1-KIoE2H7aXChuBg3+jxNc6NAH+Lo=
  dependencies:
    string-width "^2.1.1"
    strip-ansi "^4.0.0"

wrappy@1:
  version "1.0.2"
  resolved "https://registry.yarnpkg.com/wrappy/-/wrappy-1.0.2.tgz#b5243d8f3ec1aa35f1364605bc0d1036e30ab69f"
  integrity sha1-tSQ9jz7BqjXxNkYFvA0QNuMKtp8=

yauzl@2.4.1:
  version "2.4.1"
  resolved "https://registry.yarnpkg.com/yauzl/-/yauzl-2.4.1.tgz#9528f442dab1b2284e58b4379bb194e22e0c4005"
  integrity sha1-lSj0QtqxsihOWLQ3m7GU4i4MQAU=
  dependencies:
    fd-slicer "~1.0.1"

yn@^4.0.0:
  version "4.0.0"
  resolved "https://registry.yarnpkg.com/yn/-/yn-4.0.0.tgz#611480051ea43b510da1dfdbe177ed159f00a979"
  integrity sha512-huWiiCS4TxKc4SfgmTwW1K7JmXPPAmuXWYy4j9qjQo4+27Kni8mGhAAi1cloRWmBe2EqcLgt3IGqQoRL/MtPgg==

zip-stream@^2.1.2:
  version "2.1.3"
  resolved "https://registry.yarnpkg.com/zip-stream/-/zip-stream-2.1.3.tgz#26cc4bdb93641a8590dd07112e1f77af1758865b"
  integrity sha512-EkXc2JGcKhO5N5aZ7TmuNo45budRaFGHOmz24wtJR7znbNqDPmdZtUauKX6et8KAVseAMBOyWJqEpXcHTBsh7Q==
  dependencies:
    archiver-utils "^2.1.0"
    compress-commons "^2.1.1"
    readable-stream "^3.4.0"
